
Microsoft Visual Studio Solution File, Format Version 12.00
# Visual Studio Version 17
VisualStudioVersion = 17.1.32210.238
MinimumVisualStudioVersion = 10.0.40219.1
Project("{9A19103F-16F7-4668-BE54-9A1E7A4F7556}") = "PlecakowyProblem", "PlecakowyProblem\PlecakowyProblem.csproj", "{F08D7672-3603-48A1-B9B4-BEBFCB0D02FE}"
EndProject
Project("{FAE04EC0-301F-11D3-BF4B-00C04F79EFBC}") = "WinFormsApp1", "WinFormsApp1\WinFormsApp1.csproj", "{D6C2D940-8636-4A55-A82D-4C774749F29E}"
EndProject
Project("{FAE04EC0-301F-11D3-BF4B-00C04F79EFBC}") = "TestProject1", "TestProject1\TestProject1.csproj", "{C68CFF36-8CB8-4226-A972-244AEF1953F7}"
EndProject
Global
	GlobalSection(SolutionConfigurationPlatforms) = preSolution
		Debug|Any CPU = Debug|Any CPU
		Release|Any CPU = Release|Any CPU
	EndGlobalSection
	GlobalSection(ProjectConfigurationPlatforms) = postSolution
		{F08D7672-3603-48A1-B9B4-BEBFCB0D02FE}.Debug|Any CPU.ActiveCfg = Debug|Any CPU
		{F08D7672-3603-48A1-B9B4-BEBFCB0D02FE}.Debug|Any CPU.Build.0 = Debug|Any CPU
		{F08D7672-3603-48A1-B9B4-BEBFCB0D02FE}.Release|Any CPU.ActiveCfg = Release|Any CPU
		{F08D7672-3603-48A1-B9B4-BEBFCB0D02FE}.Release|Any CPU.Build.0 = Release|Any CPU
		{D6C2D940-8636-4A55-A82D-4C774749F29E}.Debug|Any CPU.ActiveCfg = Debug|Any CPU
		{D6C2D940-8636-4A55-A82D-4C774749F29E}.Debug|Any CPU.Build.0 = Debug|Any CPU
		{D6C2D940-8636-4A55-A82D-4C774749F29E}.Release|Any CPU.ActiveCfg = Release|Any CPU
		{D6C2D940-8636-4A55-A82D-4C774749F29E}.Release|Any CPU.Build.0 = Release|Any CPU
		{C68CFF36-8CB8-4226-A972-244AEF1953F7}.Debug|Any CPU.ActiveCfg = Debug|Any CPU
		{C68CFF36-8CB8-4226-A972-244AEF1953F7}.Debug|Any CPU.Build.0 = Debug|Any CPU
		{C68CFF36-8CB8-4226-A972-244AEF1953F7}.Release|Any CPU.ActiveCfg = Release|Any CPU
		{C68CFF36-8CB8-4226-A972-244AEF1953F7}.Release|Any CPU.Build.0 = Release|Any CPU
	EndGlobalSection
	GlobalSection(SolutionProperties) = preSolution
		HideSolutionNode = FALSE
	EndGlobalSection
	GlobalSection(ExtensibilityGlobals) = postSolution
		SolutionGuid = {8E8D0EA8-499F-43B5-9CF4-C746EB692302}
	EndGlobalSection
EndGlobal
